
Microsoft Visual Studio Solution File, Format Version 12.00
# Visual Studio Version 17
VisualStudioVersion = 17.14.36908.2
MinimumVisualStudioVersion = 10.0.40219.1
Project("{8BC9CEB8-8B4A-11D0-8D11-00A0C91BC942}") = "Pointer", "Pointer\Pointer.vcxproj", "{28E9C228-2C54-4E53-8696-46236164EE21}"
EndProject
Project("{8BC9CEB8-8B4A-11D0-8D11-00A0C91BC942}") = "Reference", "Reference\Reference.vcxproj", "{FC71CC66-838E-4BBF-9BF5-5C9AD402904D}"
EndProject
Project("{8BC9CEB8-8B4A-11D0-8D11-00A0C91BC942}") = "Array", "Array\Array.vcxproj", "{B2E2B193-A205-43AC-938E-155BF84BBD77}"
EndProject
Project("{8BC9CEB8-8B4A-11D0-8D11-00A0C91BC942}") = "String", "String\String.vcxproj", "{AA12B903-801B-4B7D-877D-73BDF4967EBB}"
EndProject
Project("{8BC9CEB8-8B4A-11D0-8D11-00A0C91BC942}") = "Class", "Class\Class.vcxproj", "{6994BF60-7A30-42FA-A8B1-507324A2FE09}"
EndProject
Project("{8BC9CEB8-8B4A-11D0-8D11-00A0C91BC942}") = "FriendKeyword", "FriendKeyword\FriendKeyword.vcxproj", "{0219709C-3558-4C10-9CCD-0A10CE8A8463}"
EndProject
Project("{8BC9CEB8-8B4A-11D0-8D11-00A0C91BC942}") = "ForwardDeclaration", "ForwardDeclaration\ForwardDeclaration.vcxproj", "{FAC6366A-098F-47BB-A4FE-4D428B618363}"
EndProject
Project("{8BC9CEB8-8B4A-11D0-8D11-00A0C91BC942}") = "Inheritance", "Inheritance\Inheritance.vcxproj", "{13B925E2-A61A-41EB-8F3A-5A5280AC993D}"
EndProject
Project("{8BC9CEB8-8B4A-11D0-8D11-00A0C91BC942}") = "Polymorphism", "Polymorphism\Polymorphism.vcxproj", "{E739092D-8189-405A-B8BB-98F6E759C68D}"
EndProject
Project("{8BC9CEB8-8B4A-11D0-8D11-00A0C91BC942}") = "OperatorOverloading", "OperatorOverloading\OperatorOverloading.vcxproj", "{AF0D3C2B-359B-4545-AFC2-B394E37FC550}"
EndProject
Global
	GlobalSection(SolutionConfigurationPlatforms) = preSolution
		Debug|x64 = Debug|x64
		Debug|x86 = Debug|x86
		Release|x64 = Release|x64
		Release|x86 = Release|x86
	EndGlobalSection
	GlobalSection(ProjectConfigurationPlatforms) = postSolution
		{28E9C228-2C54-4E53-8696-46236164EE21}.Debug|x64.ActiveCfg = Debug|x64
		{28E9C228-2C54-4E53-8696-46236164EE21}.Debug|x64.Build.0 = Debug|x64
		{28E9C228-2C54-4E53-8696-46236164EE21}.Debug|x86.ActiveCfg = Debug|Win32
		{28E9C228-2C54-4E53-8696-46236164EE21}.Debug|x86.Build.0 = Debug|Win32
		{28E9C228-2C54-4E53-8696-46236164EE21}.Release|x64.ActiveCfg = Release|x64
		{28E9C228-2C54-4E53-8696-46236164EE21}.Release|x64.Build.0 = Release|x64
		{28E9C228-2C54-4E53-8696-46236164EE21}.Release|x86.ActiveCfg = Release|Win32
		{28E9C228-2C54-4E53-8696-46236164EE21}.Release|x86.Build.0 = Release|Win32
		{FC71CC66-838E-4BBF-9BF5-5C9AD402904D}.Debug|x64.ActiveCfg = Debug|x64
		{FC71CC66-838E-4BBF-9BF5-5C9AD402904D}.Debug|x64.Build.0 = Debug|x64
		{FC71CC66-838E-4BBF-9BF5-5C9AD402904D}.Debug|x86.ActiveCfg = Debug|Win32
		{FC71CC66-838E-4BBF-9BF5-5C9AD402904D}.Debug|x86.Build.0 = Debug|Win32
		{FC71CC66-838E-4BBF-9BF5-5C9AD402904D}.Release|x64.ActiveCfg = Release|x64
		{FC71CC66-838E-4BBF-9BF5-5C9AD402904D}.Release|x64.Build.0 = Release|x64
		{FC71CC66-838E-4BBF-9BF5-5C9AD402904D}.Release|x86.ActiveCfg = Release|Win32
		{FC71CC66-838E-4BBF-9BF5-5C9AD402904D}.Release|x86.Build.0 = Release|Win32
		{B2E2B193-A205-43AC-938E-155BF84BBD77}.Debug|x64.ActiveCfg = Debug|x64
		{B2E2B193-A205-43AC-938E-155BF84BBD77}.Debug|x64.Build.0 = Debug|x64
		{B2E2B193-A205-43AC-938E-155BF84BBD77}.Debug|x86.ActiveCfg = Debug|Win32
		{B2E2B193-A205-43AC-938E-155BF84BBD77}.Debug|x86.Build.0 = Debug|Win32
		{B2E2B193-A205-43AC-938E-155BF84BBD77}.Release|x64.ActiveCfg = Release|x64
		{B2E2B193-A205-43AC-938E-155BF84BBD77}.Release|x64.Build.0 = Release|x64
		{B2E2B193-A205-43AC-938E-155BF84BBD77}.Release|x86.ActiveCfg = Release|Win32
		{B2E2B193-A205-43AC-938E-155BF84BBD77}.Release|x86.Build.0 = Release|Win32
		{AA12B903-801B-4B7D-877D-73BDF4967EBB}.Debug|x64.ActiveCfg = Debug|x64
		{AA12B903-801B-4B7D-877D-73BDF4967EBB}.Debug|x64.Build.0 = Debug|x64
		{AA12B903-801B-4B7D-877D-73BDF4967EBB}.Debug|x86.ActiveCfg = Debug|Win32
		{AA12B903-801B-4B7D-877D-73BDF4967EBB}.Debug|x86.Build.0 = Debug|Win32
		{AA12B903-801B-4B7D-877D-73BDF4967EBB}.Release|x64.ActiveCfg = Release|x64
		{AA12B903-801B-4B7D-877D-73BDF4967EBB}.Release|x64.Build.0 = Release|x64
		{AA12B903-801B-4B7D-877D-73BDF4967EBB}.Release|x86.ActiveCfg = Release|Win32
		{AA12B903-801B-4B7D-877D-73BDF4967EBB}.Release|x86.Build.0 = Release|Win32
		{6994BF60-7A30-42FA-A8B1-507324A2FE09}.Debug|x64.ActiveCfg = Debug|x64
		{6994BF60-7A30-42FA-A8B1-507324A2FE09}.Debug|x64.Build.0 = Debug|x64
		{6994BF60-7A30-42FA-A8B1-507324A2FE09}.Debug|x86.ActiveCfg = Debug|Win32
		{6994BF60-7A30-42FA-A8B1-507324A2FE09}.Debug|x86.Build.0 = Debug|Win32
		{6994BF60-7A30-42FA-A8B1-507324A2FE09}.Release|x64.ActiveCfg = Release|x64
		{6994BF60-7A30-42FA-A8B1-507324A2FE09}.Release|x64.Build.0 = Release|x64
		{6994BF60-7A30-42FA-A8B1-507324A2FE09}.Release|x86.ActiveCfg = Release|Win32
		{6994BF60-7A30-42FA-A8B1-507324A2FE09}.Release|x86.Build.0 = Release|Win32
		{0219709C-3558-4C10-9CCD-0A10CE8A8463}.Debug|x64.ActiveCfg = Debug|x64
		{0219709C-3558-4C10-9CCD-0A10CE8A8463}.Debug|x64.Build.0 = Debug|x64
		{0219709C-3558-4C10-9CCD-0A10CE8A8463}.Debug|x86.ActiveCfg = Debug|Win32
		{0219709C-3558-4C10-9CCD-0A10CE8A8463}.Debug|x86.Build.0 = Debug|Win32
		{0219709C-3558-4C10-9CCD-0A10CE8A8463}.Release|x64.ActiveCfg = Release|x64
		{0219709C-3558-4C10-9CCD-0A10CE8A8463}.Release|x64.Build.0 = Release|x64
		{0219709C-3558-4C10-9CCD-0A10CE8A8463}.Release|x86.ActiveCfg = Release|Win32
		{0219709C-3558-4C10-9CCD-0A10CE8A8463}.Release|x86.Build.0 = Release|Win32
		{FAC6366A-098F-47BB-A4FE-4D428B618363}.Debug|x64.ActiveCfg = Debug|x64
		{FAC6366A-098F-47BB-A4FE-4D428B618363}.Debug|x64.Build.0 = Debug|x64
		{FAC6366A-098F-47BB-A4FE-4D428B618363}.Debug|x86.ActiveCfg = Debug|Win32
		{FAC6366A-098F-47BB-A4FE-4D428B618363}.Debug|x86.Build.0 = Debug|Win32
		{FAC6366A-098F-47BB-A4FE-4D428B618363}.Release|x64.ActiveCfg = Release|x64
		{FAC6366A-098F-47BB-A4FE-4D428B618363}.Release|x64.Build.0 = Release|x64
		{FAC6366A-098F-47BB-A4FE-4D428B618363}.Release|x86.ActiveCfg = Release|Win32
		{FAC6366A-098F-47BB-A4FE-4D428B618363}.Release|x86.Build.0 = Release|Win32
		{13B925E2-A61A-41EB-8F3A-5A5280AC993D}.Debug|x64.ActiveCfg = Debug|x64
		{13B925E2-A61A-41EB-8F3A-5A5280AC993D}.Debug|x64.Build.0 = Debug|x64
		{13B925E2-A61A-41EB-8F3A-5A5280AC993D}.Debug|x86.ActiveCfg = Debug|Win32
		{13B925E2-A61A-41EB-8F3A-5A5280AC993D}.Debug|x86.Build.0 = Debug|Win32
		{13B925E2-A61A-41EB-8F3A-5A5280AC993D}.Release|x64.ActiveCfg = Release|x64
		{13B925E2-A61A-41EB-8F3A-5A5280AC993D}.Release|x64.Build.0 = Release|x64
		{13B925E2-A61A-41EB-8F3A-5A5280AC993D}.Release|x86.ActiveCfg = Release|Win32
		{13B925E2-A61A-41EB-8F3A-5A5280AC993D}.Release|x86.Build.0 = Release|Win32
		{E739092D-8189-405A-B8BB-98F6E759C68D}.Debug|x64.ActiveCfg = Debug|x64
		{E739092D-8189-405A-B8BB-98F6E759C68D}.Debug|x64.Build.0 = Debug|x64
		{E739092D-8189-405A-B8BB-98F6E759C68D}.Debug|x86.ActiveCfg = Debug|Win32
		{E739092D-8189-405A-B8BB-98F6E759C68D}.Debug|x86.Build.0 = Debug|Win32
		{E739092D-8189-405A-B8BB-98F6E759C68D}.Release|x64.ActiveCfg = Release|x64
		{E739092D-8189-405A-B8BB-98F6E759C68D}.Release|x64.Build.0 = Release|x64
		{E739092D-8189-405A-B8BB-98F6E759C68D}.Release|x86.ActiveCfg = Release|Win32
		{E739092D-8189-405A-B8BB-98F6E759C68D}.Release|x86.Build.0 = Release|Win32
		{AF0D3C2B-359B-4545-AFC2-B394E37FC550}.Debug|x64.ActiveCfg = Debug|x64
		{AF0D3C2B-359B-4545-AFC2-B394E37FC550}.Debug|x64.Build.0 = Debug|x64
		{AF0D3C2B-359B-4545-AFC2-B394E37FC550}.Debug|x86.ActiveCfg = Debug|Win32
		{AF0D3C2B-359B-4545-AFC2-B394E37FC550}.Debug|x86.Build.0 = Debug|Win32
		{AF0D3C2B-359B-4545-AFC2-B394E37FC550}.Release|x64.ActiveCfg = Release|x64
		{AF0D3C2B-359B-4545-AFC2-B394E37FC550}.Release|x64.Build.0 = Release|x64
		{AF0D3C2B-359B-4545-AFC2-B394E37FC550}.Release|x86.ActiveCfg = Release|Win32
		{AF0D3C2B-359B-4545-AFC2-B394E37FC550}.Release|x86.Build.0 = Release|Win32
	EndGlobalSection
	GlobalSection(SolutionProperties) = preSolution
		HideSolutionNode = FALSE
	EndGlobalSection
	GlobalSection(ExtensibilityGlobals) = postSolution
		SolutionGuid = {653B0C3D-BA63-46BC-8853-52BB9B6FF2AA}
	EndGlobalSection
EndGlobal
